
Microsoft Visual Studio Solution File, Format Version 12.00
# Visual Studio 15
VisualStudioVersion = 15.0.27703.2042
MinimumVisualStudioVersion = 10.0.40219.1
Project("{FAE04EC0-301F-11D3-BF4B-00C04F79EFBC}") = "ConstructionYard", "ConstructionYard\ConstructionYard.csproj", "{EFEDA3F7-C2FB-4E00-8CC5-CE7AA7646665}"
EndProject
Global
	GlobalSection(SolutionConfigurationPlatforms) = preSolution
		Debug|Any CPU = Debug|Any CPU
		Release|Any CPU = Release|Any CPU
	EndGlobalSection
	GlobalSection(ProjectConfigurationPlatforms) = postSolution
		{EFEDA3F7-C2FB-4E00-8CC5-CE7AA7646665}.Debug|Any CPU.ActiveCfg = Debug|Any CPU
		{EFEDA3F7-C2FB-4E00-8CC5-CE7AA7646665}.Debug|Any CPU.Build.0 = Debug|Any CPU
		{EFEDA3F7-C2FB-4E00-8CC5-CE7AA7646665}.Release|Any CPU.ActiveCfg = Release|Any CPU
		{EFEDA3F7-C2FB-4E00-8CC5-CE7AA7646665}.Release|Any CPU.Build.0 = Release|Any CPU
	EndGlobalSection
	GlobalSection(SolutionProperties) = preSolution
		HideSolutionNode = FALSE
	EndGlobalSection
	GlobalSection(ExtensibilityGlobals) = postSolution
		SolutionGuid = {881D0EB9-7F90-468B-83C1-5D5CCCE566D9}
	EndGlobalSection
EndGlobal
